
Microsoft Visual Studio Solution File, Format Version 12.00
# Visual Studio Version 17
VisualStudioVersion = 17.10.35013.160
MinimumVisualStudioVersion = 10.0.40219.1
Project("{FAE04EC0-301F-11D3-BF4B-00C04F79EFBC}") = "Production_user", "Production_user\Production_user.csproj", "{76CFE37D-C6CC-4C62-BCDB-D3154D51D12A}"
EndProject
Global
	GlobalSection(SolutionConfigurationPlatforms) = preSolution
		Debug|Any CPU = Debug|Any CPU
		Release|Any CPU = Release|Any CPU
	EndGlobalSection
	GlobalSection(ProjectConfigurationPlatforms) = postSolution
		{76CFE37D-C6CC-4C62-BCDB-D3154D51D12A}.Debug|Any CPU.ActiveCfg = Debug|Any CPU
		{76CFE37D-C6CC-4C62-BCDB-D3154D51D12A}.Debug|Any CPU.Build.0 = Debug|Any CPU
		{76CFE37D-C6CC-4C62-BCDB-D3154D51D12A}.Release|Any CPU.ActiveCfg = Release|Any CPU
		{76CFE37D-C6CC-4C62-BCDB-D3154D51D12A}.Release|Any CPU.Build.0 = Release|Any CPU
	EndGlobalSection
	GlobalSection(SolutionProperties) = preSolution
		HideSolutionNode = FALSE
	EndGlobalSection
	GlobalSection(ExtensibilityGlobals) = postSolution
		SolutionGuid = {C1037DB4-8862-4317-9258-ECA176C8454C}
	EndGlobalSection
EndGlobal
